// !$*UTF8*$!
{
	archiveVersion = 1;
	classes = {
	};
	objectVersion = 56;
	objects = {

/* Begin PBXBuildFile section */
		B946672E293C5FF10014B11F /* main.swift in Sources */ = {isa = PBXBuildFile; fileRef = B946672D293C5FF10014B11F /* main.swift */; };
		B9466733293C600E0014B11F /* AoC-Helpers in Frameworks */ = {isa = PBXBuildFile; productRef = B9466732293C600E0014B11F /* AoC-Helpers */; };
		B9466735293C600E0014B11F /* Algorithms in Frameworks */ = {isa = PBXBuildFile; productRef = B9466734293C600E0014B11F /* Algorithms */; };
		B9466738293C60200014B11F /* input.txt in CopyFiles */ = {isa = PBXBuildFile; fileRef = B9466736293C601C0014B11F /* input.txt */; };
		B9466741293DB1700014B11F /* main.swift in Sources */ = {isa = PBXBuildFile; fileRef = B9466740293DB1700014B11F /* main.swift */; };
		B9466747293DB1BC0014B11F /* AoC-Helpers in Frameworks */ = {isa = PBXBuildFile; productRef = B9466746293DB1BC0014B11F /* AoC-Helpers */; };
		B9466749293DB1BC0014B11F /* Algorithms in Frameworks */ = {isa = PBXBuildFile; productRef = B9466748293DB1BC0014B11F /* Algorithms */; };
		B946674B293DB1C40014B11F /* input.txt in CopyFiles */ = {isa = PBXBuildFile; fileRef = B9466745293DB1AB0014B11F /* input.txt */; };
		B949319F2938644F00D44A48 /* AoC-Helpers in Frameworks */ = {isa = PBXBuildFile; productRef = B949319E2938644F00D44A48 /* AoC-Helpers */; };
		B94931A22938653D00D44A48 /* input.txt in CopyFiles */ = {isa = PBXBuildFile; fileRef = B94931A02938652F00D44A48 /* input.txt */; };
		B96E7BB3293F026400F5FFD6 /* main.swift in Sources */ = {isa = PBXBuildFile; fileRef = B96E7BB2293F026400F5FFD6 /* main.swift */; };
		B96E7BB9293F035C00F5FFD6 /* input.txt in CopyFiles */ = {isa = PBXBuildFile; fileRef = B96E7BB7293F034600F5FFD6 /* input.txt */; };
		B96E7BBB293F044800F5FFD6 /* AoC-Helpers in Frameworks */ = {isa = PBXBuildFile; productRef = B96E7BBA293F044800F5FFD6 /* AoC-Helpers */; };
		B96E7BBD293F044800F5FFD6 /* Algorithms in Frameworks */ = {isa = PBXBuildFile; productRef = B96E7BBC293F044800F5FFD6 /* Algorithms */; };
		B96E7BC52940543500F5FFD6 /* main.swift in Sources */ = {isa = PBXBuildFile; fileRef = B96E7BC42940543500F5FFD6 /* main.swift */; };
		B96E7BCA2940547800F5FFD6 /* AoC-Helpers in Frameworks */ = {isa = PBXBuildFile; productRef = B96E7BC92940547800F5FFD6 /* AoC-Helpers */; };
		B96E7BCC2940547800F5FFD6 /* Algorithms in Frameworks */ = {isa = PBXBuildFile; productRef = B96E7BCB2940547800F5FFD6 /* Algorithms */; };
		B96E7BCF2940548B00F5FFD6 /* input.txt in CopyFiles */ = {isa = PBXBuildFile; fileRef = B96E7BCE2940548900F5FFD6 /* input.txt */; };
		B96E7BD72941A5B700F5FFD6 /* main.swift in Sources */ = {isa = PBXBuildFile; fileRef = B96E7BD62941A5B700F5FFD6 /* main.swift */; };
		B96E7BDD2941A5F000F5FFD6 /* AoC-Helpers in Frameworks */ = {isa = PBXBuildFile; productRef = B96E7BDC2941A5F000F5FFD6 /* AoC-Helpers */; };
		B96E7BDF2941A5F000F5FFD6 /* Algorithms in Frameworks */ = {isa = PBXBuildFile; productRef = B96E7BDE2941A5F000F5FFD6 /* Algorithms */; };
		B96E7BE12941A5FA00F5FFD6 /* input.txt in CopyFiles */ = {isa = PBXBuildFile; fileRef = B96E7BDB2941A5E000F5FFD6 /* input.txt */; };
		B96E7BE92942F74900F5FFD6 /* main.swift in Sources */ = {isa = PBXBuildFile; fileRef = B96E7BE82942F74900F5FFD6 /* main.swift */; };
		B96E7BEE2942F75E00F5FFD6 /* AoC-Helpers in Frameworks */ = {isa = PBXBuildFile; productRef = B96E7BED2942F75E00F5FFD6 /* AoC-Helpers */; };
		B96E7BF02942F75E00F5FFD6 /* Algorithms in Frameworks */ = {isa = PBXBuildFile; productRef = B96E7BEF2942F75E00F5FFD6 /* Algorithms */; };
		B96E7BF32942F76E00F5FFD6 /* input.txt in CopyFiles */ = {isa = PBXBuildFile; fileRef = B96E7BF22942F76C00F5FFD6 /* input.txt */; };
		B96E7BFB294448F400F5FFD6 /* main.swift in Sources */ = {isa = PBXBuildFile; fileRef = B96E7BFA294448F400F5FFD6 /* main.swift */; };
		B96E7C002944490100F5FFD6 /* AoC-Helpers in Frameworks */ = {isa = PBXBuildFile; productRef = B96E7BFF2944490100F5FFD6 /* AoC-Helpers */; };
		B96E7C022944490100F5FFD6 /* Algorithms in Frameworks */ = {isa = PBXBuildFile; productRef = B96E7C012944490100F5FFD6 /* Algorithms */; };
		B96E7C052944493600F5FFD6 /* input.txt in CopyFiles */ = {isa = PBXBuildFile; fileRef = B96E7C042944493400F5FFD6 /* input.txt */; };
		B97F83F82938636C009D31FA /* main.swift in Sources */ = {isa = PBXBuildFile; fileRef = B97F83F72938636C009D31FA /* main.swift */; };
		B9BC89E12939BD2200B97626 /* main.swift in Sources */ = {isa = PBXBuildFile; fileRef = B9BC89E02939BD2200B97626 /* main.swift */; };
		B9BC89E72939BD4700B97626 /* input.txt in CopyFiles */ = {isa = PBXBuildFile; fileRef = B9BC89E52939BD3F00B97626 /* input.txt */; };
		B9BC89EA2939BDBD00B97626 /* AoC-Helpers in Frameworks */ = {isa = PBXBuildFile; productRef = B9BC89E92939BDBD00B97626 /* AoC-Helpers */; };
		B9BC8A14293B0E5600B97626 /* main.swift in Sources */ = {isa = PBXBuildFile; fileRef = B9BC8A13293B0E5600B97626 /* main.swift */; };
		B9BC8A1A293B0E8400B97626 /* AoC-Helpers in Frameworks */ = {isa = PBXBuildFile; productRef = B9BC8A19293B0E8400B97626 /* AoC-Helpers */; };
		B9BC8A1C293B0E8E00B97626 /* input.txt in CopyFiles */ = {isa = PBXBuildFile; fileRef = B9BC8A18293B0E6F00B97626 /* input.txt */; };
		B9BC8A1E293B10D800B97626 /* Algorithms in Frameworks */ = {isa = PBXBuildFile; productRef = B9BC8A1D293B10D800B97626 /* Algorithms */; };
/* End PBXBuildFile section */

/* Begin PBXCopyFilesBuildPhase section */
		B9466729293C5FF10014B11F /* CopyFiles */ = {
			isa = PBXCopyFilesBuildPhase;
			buildActionMask = 2147483647;
			dstPath = /usr/share/man/man1/;
			dstSubfolderSpec = 0;
			files = (
			);
			runOnlyForDeploymentPostprocessing = 1;
		};
		B9466737293C601E0014B11F /* CopyFiles */ = {
			isa = PBXCopyFilesBuildPhase;
			buildActionMask = 2147483647;
			dstPath = "";
			dstSubfolderSpec = 7;
			files = (
				B9466738293C60200014B11F /* input.txt in CopyFiles */,
			);
			runOnlyForDeploymentPostprocessing = 0;
		};
		B946673C293DB1700014B11F /* CopyFiles */ = {
			isa = PBXCopyFilesBuildPhase;
			buildActionMask = 2147483647;
			dstPath = /usr/share/man/man1/;
			dstSubfolderSpec = 0;
			files = (
			);
			runOnlyForDeploymentPostprocessing = 1;
		};
		B946674A293DB1C10014B11F /* CopyFiles */ = {
			isa = PBXCopyFilesBuildPhase;
			buildActionMask = 2147483647;
			dstPath = "";
			dstSubfolderSpec = 7;
			files = (
				B946674B293DB1C40014B11F /* input.txt in CopyFiles */,
			);
			runOnlyForDeploymentPostprocessing = 0;
		};
		B94931A12938653900D44A48 /* CopyFiles */ = {
			isa = PBXCopyFilesBuildPhase;
			buildActionMask = 2147483647;
			dstPath = "";
			dstSubfolderSpec = 7;
			files = (
				B94931A22938653D00D44A48 /* input.txt in CopyFiles */,
			);
			runOnlyForDeploymentPostprocessing = 0;
		};
		B96E7BAE293F026300F5FFD6 /* CopyFiles */ = {
			isa = PBXCopyFilesBuildPhase;
			buildActionMask = 2147483647;
			dstPath = /usr/share/man/man1/;
			dstSubfolderSpec = 0;
			files = (
			);
			runOnlyForDeploymentPostprocessing = 1;
		};
		B96E7BB8293F035600F5FFD6 /* CopyFiles */ = {
			isa = PBXCopyFilesBuildPhase;
			buildActionMask = 2147483647;
			dstPath = "";
			dstSubfolderSpec = 7;
			files = (
				B96E7BB9293F035C00F5FFD6 /* input.txt in CopyFiles */,
			);
			runOnlyForDeploymentPostprocessing = 0;
		};
		B96E7BC02940543500F5FFD6 /* CopyFiles */ = {
			isa = PBXCopyFilesBuildPhase;
			buildActionMask = 2147483647;
			dstPath = /usr/share/man/man1/;
			dstSubfolderSpec = 0;
			files = (
			);
			runOnlyForDeploymentPostprocessing = 1;
		};
		B96E7BCD2940547F00F5FFD6 /* CopyFiles */ = {
			isa = PBXCopyFilesBuildPhase;
			buildActionMask = 2147483647;
			dstPath = "";
			dstSubfolderSpec = 7;
			files = (
				B96E7BCF2940548B00F5FFD6 /* input.txt in CopyFiles */,
			);
			runOnlyForDeploymentPostprocessing = 0;
		};
		B96E7BD22941A5B700F5FFD6 /* CopyFiles */ = {
			isa = PBXCopyFilesBuildPhase;
			buildActionMask = 2147483647;
			dstPath = /usr/share/man/man1/;
			dstSubfolderSpec = 0;
			files = (
			);
			runOnlyForDeploymentPostprocessing = 1;
		};
		B96E7BE02941A5F800F5FFD6 /* CopyFiles */ = {
			isa = PBXCopyFilesBuildPhase;
			buildActionMask = 2147483647;
			dstPath = "";
			dstSubfolderSpec = 7;
			files = (
				B96E7BE12941A5FA00F5FFD6 /* input.txt in CopyFiles */,
			);
			runOnlyForDeploymentPostprocessing = 0;
		};
		B96E7BE42942F74800F5FFD6 /* CopyFiles */ = {
			isa = PBXCopyFilesBuildPhase;
			buildActionMask = 2147483647;
			dstPath = /usr/share/man/man1/;
			dstSubfolderSpec = 0;
			files = (
			);
			runOnlyForDeploymentPostprocessing = 1;
		};
		B96E7BF12942F76400F5FFD6 /* CopyFiles */ = {
			isa = PBXCopyFilesBuildPhase;
			buildActionMask = 2147483647;
			dstPath = "";
			dstSubfolderSpec = 7;
			files = (
				B96E7BF32942F76E00F5FFD6 /* input.txt in CopyFiles */,
			);
			runOnlyForDeploymentPostprocessing = 0;
		};
		B96E7BF6294448F400F5FFD6 /* CopyFiles */ = {
			isa = PBXCopyFilesBuildPhase;
			buildActionMask = 2147483647;
			dstPath = /usr/share/man/man1/;
			dstSubfolderSpec = 0;
			files = (
			);
			runOnlyForDeploymentPostprocessing = 1;
		};
		B96E7C032944490400F5FFD6 /* CopyFiles */ = {
			isa = PBXCopyFilesBuildPhase;
			buildActionMask = 2147483647;
			dstPath = "";
			dstSubfolderSpec = 7;
			files = (
				B96E7C052944493600F5FFD6 /* input.txt in CopyFiles */,
			);
			runOnlyForDeploymentPostprocessing = 0;
		};
		B97F83F32938636C009D31FA /* CopyFiles */ = {
			isa = PBXCopyFilesBuildPhase;
			buildActionMask = 2147483647;
			dstPath = /usr/share/man/man1/;
			dstSubfolderSpec = 0;
			files = (
			);
			runOnlyForDeploymentPostprocessing = 1;
		};
		B9BC89DC2939BD2200B97626 /* CopyFiles */ = {
			isa = PBXCopyFilesBuildPhase;
			buildActionMask = 2147483647;
			dstPath = /usr/share/man/man1/;
			dstSubfolderSpec = 0;
			files = (
			);
			runOnlyForDeploymentPostprocessing = 1;
		};
		B9BC89E62939BD4500B97626 /* CopyFiles */ = {
			isa = PBXCopyFilesBuildPhase;
			buildActionMask = 2147483647;
			dstPath = "";
			dstSubfolderSpec = 7;
			files = (
				B9BC89E72939BD4700B97626 /* input.txt in CopyFiles */,
			);
			runOnlyForDeploymentPostprocessing = 0;
		};
		B9BC8A0F293B0E5600B97626 /* CopyFiles */ = {
			isa = PBXCopyFilesBuildPhase;
			buildActionMask = 2147483647;
			dstPath = /usr/share/man/man1/;
			dstSubfolderSpec = 0;
			files = (
			);
			runOnlyForDeploymentPostprocessing = 1;
		};
		B9BC8A1B293B0E8900B97626 /* CopyFiles */ = {
			isa = PBXCopyFilesBuildPhase;
			buildActionMask = 2147483647;
			dstPath = "";
			dstSubfolderSpec = 7;
			files = (
				B9BC8A1C293B0E8E00B97626 /* input.txt in CopyFiles */,
			);
			runOnlyForDeploymentPostprocessing = 0;
		};
/* End PBXCopyFilesBuildPhase section */

/* Begin PBXFileReference section */
		B946672B293C5FF10014B11F /* Day 04 */ = {isa = PBXFileReference; explicitFileType = "compiled.mach-o.executable"; includeInIndex = 0; path = "Day 04"; sourceTree = BUILT_PRODUCTS_DIR; };
		B946672D293C5FF10014B11F /* main.swift */ = {isa = PBXFileReference; lastKnownFileType = sourcecode.swift; path = main.swift; sourceTree = "<group>"; };
		B9466736293C601C0014B11F /* input.txt */ = {isa = PBXFileReference; lastKnownFileType = text; path = input.txt; sourceTree = "<group>"; };
		B946673E293DB1700014B11F /* Day 05 */ = {isa = PBXFileReference; explicitFileType = "compiled.mach-o.executable"; includeInIndex = 0; path = "Day 05"; sourceTree = BUILT_PRODUCTS_DIR; };
		B9466740293DB1700014B11F /* main.swift */ = {isa = PBXFileReference; lastKnownFileType = sourcecode.swift; path = main.swift; sourceTree = "<group>"; };
		B9466745293DB1AB0014B11F /* input.txt */ = {isa = PBXFileReference; lastKnownFileType = text; path = input.txt; sourceTree = "<group>"; };
		B94931A02938652F00D44A48 /* input.txt */ = {isa = PBXFileReference; fileEncoding = 4; lastKnownFileType = text; path = input.txt; sourceTree = "<group>"; };
		B94931A3293866C000D44A48 /* AoC-Helpers */ = {isa = PBXFileReference; lastKnownFileType = wrapper; name = "AoC-Helpers"; path = "../../Packages/AoC-Helpers"; sourceTree = "<group>"; };
		B96E7BB0293F026300F5FFD6 /* Day 06 */ = {isa = PBXFileReference; explicitFileType = "compiled.mach-o.executable"; includeInIndex = 0; path = "Day 06"; sourceTree = BUILT_PRODUCTS_DIR; };
		B96E7BB2293F026400F5FFD6 /* main.swift */ = {isa = PBXFileReference; lastKnownFileType = sourcecode.swift; path = main.swift; sourceTree = "<group>"; };
		B96E7BB7293F034600F5FFD6 /* input.txt */ = {isa = PBXFileReference; lastKnownFileType = text; path = input.txt; sourceTree = "<group>"; };
		B96E7BC22940543500F5FFD6 /* Day 07 */ = {isa = PBXFileReference; explicitFileType = "compiled.mach-o.executable"; includeInIndex = 0; path = "Day 07"; sourceTree = BUILT_PRODUCTS_DIR; };
		B96E7BC42940543500F5FFD6 /* main.swift */ = {isa = PBXFileReference; lastKnownFileType = sourcecode.swift; path = main.swift; sourceTree = "<group>"; };
		B96E7BCE2940548900F5FFD6 /* input.txt */ = {isa = PBXFileReference; lastKnownFileType = text; path = input.txt; sourceTree = "<group>"; };
		B96E7BD42941A5B700F5FFD6 /* Day 08 */ = {isa = PBXFileReference; explicitFileType = "compiled.mach-o.executable"; includeInIndex = 0; path = "Day 08"; sourceTree = BUILT_PRODUCTS_DIR; };
		B96E7BD62941A5B700F5FFD6 /* main.swift */ = {isa = PBXFileReference; lastKnownFileType = sourcecode.swift; path = main.swift; sourceTree = "<group>"; };
		B96E7BDB2941A5E000F5FFD6 /* input.txt */ = {isa = PBXFileReference; lastKnownFileType = text; path = input.txt; sourceTree = "<group>"; };
		B96E7BE62942F74800F5FFD6 /* Day 09 */ = {isa = PBXFileReference; explicitFileType = "compiled.mach-o.executable"; includeInIndex = 0; path = "Day 09"; sourceTree = BUILT_PRODUCTS_DIR; };
		B96E7BE82942F74900F5FFD6 /* main.swift */ = {isa = PBXFileReference; lastKnownFileType = sourcecode.swift; path = main.swift; sourceTree = "<group>"; };
		B96E7BF22942F76C00F5FFD6 /* input.txt */ = {isa = PBXFileReference; lastKnownFileType = text; path = input.txt; sourceTree = "<group>"; };
		B96E7BF8294448F400F5FFD6 /* Day 10 */ = {isa = PBXFileReference; explicitFileType = "compiled.mach-o.executable"; includeInIndex = 0; path = "Day 10"; sourceTree = BUILT_PRODUCTS_DIR; };
		B96E7BFA294448F400F5FFD6 /* main.swift */ = {isa = PBXFileReference; lastKnownFileType = sourcecode.swift; path = main.swift; sourceTree = "<group>"; };
		B96E7C042944493400F5FFD6 /* input.txt */ = {isa = PBXFileReference; lastKnownFileType = text; path = input.txt; sourceTree = "<group>"; };
		B97F83F52938636C009D31FA /* Day 01 */ = {isa = PBXFileReference; explicitFileType = "compiled.mach-o.executable"; includeInIndex = 0; path = "Day 01"; sourceTree = BUILT_PRODUCTS_DIR; };
		B97F83F72938636C009D31FA /* main.swift */ = {isa = PBXFileReference; lastKnownFileType = sourcecode.swift; path = main.swift; sourceTree = "<group>"; };
		B9BC89DE2939BD2200B97626 /* Day 02 */ = {isa = PBXFileReference; explicitFileType = "compiled.mach-o.executable"; includeInIndex = 0; path = "Day 02"; sourceTree = BUILT_PRODUCTS_DIR; };
		B9BC89E02939BD2200B97626 /* main.swift */ = {isa = PBXFileReference; lastKnownFileType = sourcecode.swift; path = main.swift; sourceTree = "<group>"; };
		B9BC89E52939BD3F00B97626 /* input.txt */ = {isa = PBXFileReference; lastKnownFileType = text; path = input.txt; sourceTree = "<group>"; };
		B9BC8A11293B0E5600B97626 /* Day 03 */ = {isa = PBXFileReference; explicitFileType = "compiled.mach-o.executable"; includeInIndex = 0; path = "Day 03"; sourceTree = BUILT_PRODUCTS_DIR; };
		B9BC8A13293B0E5600B97626 /* main.swift */ = {isa = PBXFileReference; lastKnownFileType = sourcecode.swift; path = main.swift; sourceTree = "<group>"; };
		B9BC8A18293B0E6F00B97626 /* input.txt */ = {isa = PBXFileReference; lastKnownFileType = text; path = input.txt; sourceTree = "<group>"; };
/* End PBXFileReference section */

/* Begin PBXFrameworksBuildPhase section */
		B9466728293C5FF10014B11F /* Frameworks */ = {
			isa = PBXFrameworksBuildPhase;
			buildActionMask = 2147483647;
			files = (
				B9466735293C600E0014B11F /* Algorithms in Frameworks */,
				B9466733293C600E0014B11F /* AoC-Helpers in Frameworks */,
			);
			runOnlyForDeploymentPostprocessing = 0;
		};
		B946673B293DB1700014B11F /* Frameworks */ = {
			isa = PBXFrameworksBuildPhase;
			buildActionMask = 2147483647;
			files = (
				B9466749293DB1BC0014B11F /* Algorithms in Frameworks */,
				B9466747293DB1BC0014B11F /* AoC-Helpers in Frameworks */,
			);
			runOnlyForDeploymentPostprocessing = 0;
		};
		B96E7BAD293F026300F5FFD6 /* Frameworks */ = {
			isa = PBXFrameworksBuildPhase;
			buildActionMask = 2147483647;
			files = (
				B96E7BBD293F044800F5FFD6 /* Algorithms in Frameworks */,
				B96E7BBB293F044800F5FFD6 /* AoC-Helpers in Frameworks */,
			);
			runOnlyForDeploymentPostprocessing = 0;
		};
		B96E7BBF2940543500F5FFD6 /* Frameworks */ = {
			isa = PBXFrameworksBuildPhase;
			buildActionMask = 2147483647;
			files = (
				B96E7BCC2940547800F5FFD6 /* Algorithms in Frameworks */,
				B96E7BCA2940547800F5FFD6 /* AoC-Helpers in Frameworks */,
			);
			runOnlyForDeploymentPostprocessing = 0;
		};
		B96E7BD12941A5B700F5FFD6 /* Frameworks */ = {
			isa = PBXFrameworksBuildPhase;
			buildActionMask = 2147483647;
			files = (
				B96E7BDF2941A5F000F5FFD6 /* Algorithms in Frameworks */,
				B96E7BDD2941A5F000F5FFD6 /* AoC-Helpers in Frameworks */,
			);
			runOnlyForDeploymentPostprocessing = 0;
		};
		B96E7BE32942F74800F5FFD6 /* Frameworks */ = {
			isa = PBXFrameworksBuildPhase;
			buildActionMask = 2147483647;
			files = (
				B96E7BF02942F75E00F5FFD6 /* Algorithms in Frameworks */,
				B96E7BEE2942F75E00F5FFD6 /* AoC-Helpers in Frameworks */,
			);
			runOnlyForDeploymentPostprocessing = 0;
		};
		B96E7BF5294448F400F5FFD6 /* Frameworks */ = {
			isa = PBXFrameworksBuildPhase;
			buildActionMask = 2147483647;
			files = (
				B96E7C022944490100F5FFD6 /* Algorithms in Frameworks */,
				B96E7C002944490100F5FFD6 /* AoC-Helpers in Frameworks */,
			);
			runOnlyForDeploymentPostprocessing = 0;
		};
		B97F83F22938636C009D31FA /* Frameworks */ = {
			isa = PBXFrameworksBuildPhase;
			buildActionMask = 2147483647;
			files = (
				B949319F2938644F00D44A48 /* AoC-Helpers in Frameworks */,
			);
			runOnlyForDeploymentPostprocessing = 0;
		};
		B9BC89DB2939BD2200B97626 /* Frameworks */ = {
			isa = PBXFrameworksBuildPhase;
			buildActionMask = 2147483647;
			files = (
				B9BC89EA2939BDBD00B97626 /* AoC-Helpers in Frameworks */,
			);
			runOnlyForDeploymentPostprocessing = 0;
		};
		B9BC8A0E293B0E5600B97626 /* Frameworks */ = {
			isa = PBXFrameworksBuildPhase;
			buildActionMask = 2147483647;
			files = (
				B9BC8A1E293B10D800B97626 /* Algorithms in Frameworks */,
				B9BC8A1A293B0E8400B97626 /* AoC-Helpers in Frameworks */,
			);
			runOnlyForDeploymentPostprocessing = 0;
		};
/* End PBXFrameworksBuildPhase section */

/* Begin PBXGroup section */
		B946672C293C5FF10014B11F /* Day 04 */ = {
			isa = PBXGroup;
			children = (
				B946672D293C5FF10014B11F /* main.swift */,
				B9466736293C601C0014B11F /* input.txt */,
			);
			path = "Day 04";
			sourceTree = "<group>";
		};
		B946673F293DB1700014B11F /* Day 05 */ = {
			isa = PBXGroup;
			children = (
				B9466740293DB1700014B11F /* main.swift */,
				B9466745293DB1AB0014B11F /* input.txt */,
			);
			path = "Day 05";
			sourceTree = "<group>";
		};
		B96E7BB1293F026300F5FFD6 /* Day 06 */ = {
			isa = PBXGroup;
			children = (
				B96E7BB2293F026400F5FFD6 /* main.swift */,
				B96E7BB7293F034600F5FFD6 /* input.txt */,
			);
			path = "Day 06";
			sourceTree = "<group>";
		};
		B96E7BC32940543500F5FFD6 /* Day 07 */ = {
			isa = PBXGroup;
			children = (
				B96E7BC42940543500F5FFD6 /* main.swift */,
				B96E7BCE2940548900F5FFD6 /* input.txt */,
			);
			path = "Day 07";
			sourceTree = "<group>";
		};
		B96E7BD52941A5B700F5FFD6 /* Day 08 */ = {
			isa = PBXGroup;
			children = (
				B96E7BD62941A5B700F5FFD6 /* main.swift */,
				B96E7BDB2941A5E000F5FFD6 /* input.txt */,
			);
			path = "Day 08";
			sourceTree = "<group>";
		};
		B96E7BE72942F74900F5FFD6 /* Day 09 */ = {
			isa = PBXGroup;
			children = (
				B96E7BE82942F74900F5FFD6 /* main.swift */,
				B96E7BF22942F76C00F5FFD6 /* input.txt */,
			);
			path = "Day 09";
			sourceTree = "<group>";
		};
		B96E7BF9294448F400F5FFD6 /* Day 10 */ = {
			isa = PBXGroup;
			children = (
				B96E7BFA294448F400F5FFD6 /* main.swift */,
				B96E7C042944493400F5FFD6 /* input.txt */,
			);
			path = "Day 10";
			sourceTree = "<group>";
		};
		B97F83DE29386304009D31FA = {
			isa = PBXGroup;
			children = (
				B94931A3293866C000D44A48 /* AoC-Helpers */,
				B97F83F62938636C009D31FA /* Day 01 */,
				B9BC89DF2939BD2200B97626 /* Day 02 */,
				B9BC8A12293B0E5600B97626 /* Day 03 */,
				B946672C293C5FF10014B11F /* Day 04 */,
				B946673F293DB1700014B11F /* Day 05 */,
				B96E7BB1293F026300F5FFD6 /* Day 06 */,
				B96E7BC32940543500F5FFD6 /* Day 07 */,
				B96E7BD52941A5B700F5FFD6 /* Day 08 */,
				B96E7BE72942F74900F5FFD6 /* Day 09 */,
				B96E7BF9294448F400F5FFD6 /* Day 10 */,
				B97F83E829386304009D31FA /* Products */,
				B9BC89E82939BDBD00B97626 /* Frameworks */,
			);
			sourceTree = "<group>";
		};
		B97F83E829386304009D31FA /* Products */ = {
			isa = PBXGroup;
			children = (
				B97F83F52938636C009D31FA /* Day 01 */,
				B9BC89DE2939BD2200B97626 /* Day 02 */,
				B9BC8A11293B0E5600B97626 /* Day 03 */,
				B946672B293C5FF10014B11F /* Day 04 */,
				B946673E293DB1700014B11F /* Day 05 */,
				B96E7BB0293F026300F5FFD6 /* Day 06 */,
				B96E7BC22940543500F5FFD6 /* Day 07 */,
				B96E7BD42941A5B700F5FFD6 /* Day 08 */,
				B96E7BE62942F74800F5FFD6 /* Day 09 */,
				B96E7BF8294448F400F5FFD6 /* Day 10 */,
			);
			name = Products;
			sourceTree = "<group>";
		};
		B97F83F62938636C009D31FA /* Day 01 */ = {
			isa = PBXGroup;
			children = (
				B97F83F72938636C009D31FA /* main.swift */,
				B94931A02938652F00D44A48 /* input.txt */,
			);
			path = "Day 01";
			sourceTree = "<group>";
		};
		B9BC89DF2939BD2200B97626 /* Day 02 */ = {
			isa = PBXGroup;
			children = (
				B9BC89E02939BD2200B97626 /* main.swift */,
				B9BC89E52939BD3F00B97626 /* input.txt */,
			);
			path = "Day 02";
			sourceTree = "<group>";
		};
		B9BC89E82939BDBD00B97626 /* Frameworks */ = {
			isa = PBXGroup;
			children = (
			);
			name = Frameworks;
			sourceTree = "<group>";
		};
		B9BC8A12293B0E5600B97626 /* Day 03 */ = {
			isa = PBXGroup;
			children = (
				B9BC8A13293B0E5600B97626 /* main.swift */,
				B9BC8A18293B0E6F00B97626 /* input.txt */,
			);
			path = "Day 03";
			sourceTree = "<group>";
		};
/* End PBXGroup section */

/* Begin PBXNativeTarget section */
		B946672A293C5FF10014B11F /* Day 04 */ = {
			isa = PBXNativeTarget;
			buildConfigurationList = B9466731293C5FF10014B11F /* Build configuration list for PBXNativeTarget "Day 04" */;
			buildPhases = (
				B9466727293C5FF10014B11F /* Sources */,
				B9466728293C5FF10014B11F /* Frameworks */,
				B9466729293C5FF10014B11F /* CopyFiles */,
				B9466737293C601E0014B11F /* CopyFiles */,
			);
			buildRules = (
			);
			dependencies = (
			);
			name = "Day 04";
			packageProductDependencies = (
				B9466732293C600E0014B11F /* AoC-Helpers */,
				B9466734293C600E0014B11F /* Algorithms */,
			);
			productName = "Day 04";
			productReference = B946672B293C5FF10014B11F /* Day 04 */;
			productType = "com.apple.product-type.tool";
		};
		B946673D293DB1700014B11F /* Day 05 */ = {
			isa = PBXNativeTarget;
			buildConfigurationList = B9466744293DB1700014B11F /* Build configuration list for PBXNativeTarget "Day 05" */;
			buildPhases = (
				B946673A293DB1700014B11F /* Sources */,
				B946673B293DB1700014B11F /* Frameworks */,
				B946673C293DB1700014B11F /* CopyFiles */,
				B946674A293DB1C10014B11F /* CopyFiles */,
			);
			buildRules = (
			);
			dependencies = (
			);
			name = "Day 05";
			packageProductDependencies = (
				B9466746293DB1BC0014B11F /* AoC-Helpers */,
				B9466748293DB1BC0014B11F /* Algorithms */,
			);
			productName = "Day 05";
			productReference = B946673E293DB1700014B11F /* Day 05 */;
			productType = "com.apple.product-type.tool";
		};
		B96E7BAF293F026300F5FFD6 /* Day 06 */ = {
			isa = PBXNativeTarget;
			buildConfigurationList = B96E7BB6293F026400F5FFD6 /* Build configuration list for PBXNativeTarget "Day 06" */;
			buildPhases = (
				B96E7BAC293F026300F5FFD6 /* Sources */,
				B96E7BAD293F026300F5FFD6 /* Frameworks */,
				B96E7BAE293F026300F5FFD6 /* CopyFiles */,
				B96E7BB8293F035600F5FFD6 /* CopyFiles */,
			);
			buildRules = (
			);
			dependencies = (
			);
			name = "Day 06";
			packageProductDependencies = (
				B96E7BBA293F044800F5FFD6 /* AoC-Helpers */,
				B96E7BBC293F044800F5FFD6 /* Algorithms */,
			);
			productName = "Day 06";
			productReference = B96E7BB0293F026300F5FFD6 /* Day 06 */;
			productType = "com.apple.product-type.tool";
		};
		B96E7BC12940543500F5FFD6 /* Day 07 */ = {
			isa = PBXNativeTarget;
			buildConfigurationList = B96E7BC82940543500F5FFD6 /* Build configuration list for PBXNativeTarget "Day 07" */;
			buildPhases = (
				B96E7BBE2940543500F5FFD6 /* Sources */,
				B96E7BBF2940543500F5FFD6 /* Frameworks */,
				B96E7BC02940543500F5FFD6 /* CopyFiles */,
				B96E7BCD2940547F00F5FFD6 /* CopyFiles */,
			);
			buildRules = (
			);
			dependencies = (
			);
			name = "Day 07";
			packageProductDependencies = (
				B96E7BC92940547800F5FFD6 /* AoC-Helpers */,
				B96E7BCB2940547800F5FFD6 /* Algorithms */,
			);
			productName = "Day 07";
			productReference = B96E7BC22940543500F5FFD6 /* Day 07 */;
			productType = "com.apple.product-type.tool";
		};
		B96E7BD32941A5B700F5FFD6 /* Day 08 */ = {
			isa = PBXNativeTarget;
			buildConfigurationList = B96E7BD82941A5B700F5FFD6 /* Build configuration list for PBXNativeTarget "Day 08" */;
			buildPhases = (
				B96E7BD02941A5B700F5FFD6 /* Sources */,
				B96E7BD12941A5B700F5FFD6 /* Frameworks */,
				B96E7BD22941A5B700F5FFD6 /* CopyFiles */,
				B96E7BE02941A5F800F5FFD6 /* CopyFiles */,
			);
			buildRules = (
			);
			dependencies = (
			);
			name = "Day 08";
			packageProductDependencies = (
				B96E7BDC2941A5F000F5FFD6 /* AoC-Helpers */,
				B96E7BDE2941A5F000F5FFD6 /* Algorithms */,
			);
			productName = "Day 08";
			productReference = B96E7BD42941A5B700F5FFD6 /* Day 08 */;
			productType = "com.apple.product-type.tool";
		};
		B96E7BE52942F74800F5FFD6 /* Day 09 */ = {
			isa = PBXNativeTarget;
			buildConfigurationList = B96E7BEA2942F74900F5FFD6 /* Build configuration list for PBXNativeTarget "Day 09" */;
			buildPhases = (
				B96E7BE22942F74800F5FFD6 /* Sources */,
				B96E7BE32942F74800F5FFD6 /* Frameworks */,
				B96E7BE42942F74800F5FFD6 /* CopyFiles */,
				B96E7BF12942F76400F5FFD6 /* CopyFiles */,
			);
			buildRules = (
			);
			dependencies = (
			);
			name = "Day 09";
			packageProductDependencies = (
				B96E7BED2942F75E00F5FFD6 /* AoC-Helpers */,
				B96E7BEF2942F75E00F5FFD6 /* Algorithms */,
			);
			productName = "Day 09";
			productReference = B96E7BE62942F74800F5FFD6 /* Day 09 */;
			productType = "com.apple.product-type.tool";
		};
		B96E7BF7294448F400F5FFD6 /* Day 10 */ = {
			isa = PBXNativeTarget;
			buildConfigurationList = B96E7BFC294448F500F5FFD6 /* Build configuration list for PBXNativeTarget "Day 10" */;
			buildPhases = (
				B96E7BF4294448F400F5FFD6 /* Sources */,
				B96E7BF5294448F400F5FFD6 /* Frameworks */,
				B96E7BF6294448F400F5FFD6 /* CopyFiles */,
				B96E7C032944490400F5FFD6 /* CopyFiles */,
			);
			buildRules = (
			);
			dependencies = (
			);
			name = "Day 10";
			packageProductDependencies = (
				B96E7BFF2944490100F5FFD6 /* AoC-Helpers */,
				B96E7C012944490100F5FFD6 /* Algorithms */,
			);
			productName = "Day 10";
			productReference = B96E7BF8294448F400F5FFD6 /* Day 10 */;
			productType = "com.apple.product-type.tool";
		};
		B97F83F42938636C009D31FA /* Day 01 */ = {
			isa = PBXNativeTarget;
			buildConfigurationList = B97F83F92938636C009D31FA /* Build configuration list for PBXNativeTarget "Day 01" */;
			buildPhases = (
				B97F83F12938636C009D31FA /* Sources */,
				B97F83F22938636C009D31FA /* Frameworks */,
				B97F83F32938636C009D31FA /* CopyFiles */,
				B94931A12938653900D44A48 /* CopyFiles */,
			);
			buildRules = (
			);
			dependencies = (
			);
			name = "Day 01";
			packageProductDependencies = (
				B949319E2938644F00D44A48 /* AoC-Helpers */,
			);
			productName = "Day 01";
			productReference = B97F83F52938636C009D31FA /* Day 01 */;
			productType = "com.apple.product-type.tool";
		};
		B9BC89DD2939BD2200B97626 /* Day 02 */ = {
			isa = PBXNativeTarget;
			buildConfigurationList = B9BC89E42939BD2200B97626 /* Build configuration list for PBXNativeTarget "Day 02" */;
			buildPhases = (
				B9BC89DA2939BD2200B97626 /* Sources */,
				B9BC89DB2939BD2200B97626 /* Frameworks */,
				B9BC89DC2939BD2200B97626 /* CopyFiles */,
				B9BC89E62939BD4500B97626 /* CopyFiles */,
			);
			buildRules = (
			);
			dependencies = (
			);
			name = "Day 02";
			packageProductDependencies = (
				B9BC89E92939BDBD00B97626 /* AoC-Helpers */,
			);
			productName = "Day 02";
			productReference = B9BC89DE2939BD2200B97626 /* Day 02 */;
			productType = "com.apple.product-type.tool";
		};
		B9BC8A10293B0E5600B97626 /* Day 03 */ = {
			isa = PBXNativeTarget;
			buildConfigurationList = B9BC8A17293B0E5600B97626 /* Build configuration list for PBXNativeTarget "Day 03" */;
			buildPhases = (
				B9BC8A0D293B0E5600B97626 /* Sources */,
				B9BC8A0E293B0E5600B97626 /* Frameworks */,
				B9BC8A0F293B0E5600B97626 /* CopyFiles */,
				B9BC8A1B293B0E8900B97626 /* CopyFiles */,
			);
			buildRules = (
			);
			dependencies = (
			);
			name = "Day 03";
			packageProductDependencies = (
				B9BC8A19293B0E8400B97626 /* AoC-Helpers */,
				B9BC8A1D293B10D800B97626 /* Algorithms */,
			);
			productName = "Day 03";
			productReference = B9BC8A11293B0E5600B97626 /* Day 03 */;
			productType = "com.apple.product-type.tool";
		};
/* End PBXNativeTarget section */

/* Begin PBXProject section */
		B97F83DF29386304009D31FA /* Project object */ = {
			isa = PBXProject;
			attributes = {
				BuildIndependentTargetsInParallel = 1;
				LastSwiftUpdateCheck = 1410;
				LastUpgradeCheck = 1410;
				TargetAttributes = {
					B946672A293C5FF10014B11F = {
						CreatedOnToolsVersion = 14.1;
					};
					B946673D293DB1700014B11F = {
						CreatedOnToolsVersion = 14.1;
					};
					B96E7BAF293F026300F5FFD6 = {
						CreatedOnToolsVersion = 14.1;
					};
					B96E7BC12940543500F5FFD6 = {
						CreatedOnToolsVersion = 14.1;
					};
					B96E7BD32941A5B700F5FFD6 = {
						CreatedOnToolsVersion = 14.1;
					};
					B96E7BE52942F74800F5FFD6 = {
						CreatedOnToolsVersion = 14.1;
					};
					B96E7BF7294448F400F5FFD6 = {
						CreatedOnToolsVersion = 14.1;
					};
					B97F83F42938636C009D31FA = {
						CreatedOnToolsVersion = 14.1;
					};
					B9BC89DD2939BD2200B97626 = {
						CreatedOnToolsVersion = 14.1;
					};
					B9BC8A10293B0E5600B97626 = {
						CreatedOnToolsVersion = 14.1;
					};
				};
			};
			buildConfigurationList = B97F83E229386304009D31FA /* Build configuration list for PBXProject "Advent of Code 2022" */;
			compatibilityVersion = "Xcode 14.0";
			developmentRegion = en;
			hasScannedForEncodings = 0;
			knownRegions = (
				en,
				Base,
			);
			mainGroup = B97F83DE29386304009D31FA;
			packageReferences = (
				B949319D2938644F00D44A48 /* XCRemoteSwiftPackageReference "AoC-Helpers" */,
				B9BC89EB2939C4A900B97626 /* XCRemoteSwiftPackageReference "swift-algorithms" */,
				B9BC89EC2939C4D600B97626 /* XCRemoteSwiftPackageReference "swift-collections" */,
			);
			productRefGroup = B97F83E829386304009D31FA /* Products */;
			projectDirPath = "";
			projectRoot = "";
			targets = (
				B97F83F42938636C009D31FA /* Day 01 */,
				B9BC89DD2939BD2200B97626 /* Day 02 */,
				B9BC8A10293B0E5600B97626 /* Day 03 */,
				B946672A293C5FF10014B11F /* Day 04 */,
				B946673D293DB1700014B11F /* Day 05 */,
				B96E7BAF293F026300F5FFD6 /* Day 06 */,
				B96E7BC12940543500F5FFD6 /* Day 07 */,
				B96E7BD32941A5B700F5FFD6 /* Day 08 */,
				B96E7BE52942F74800F5FFD6 /* Day 09 */,
				B96E7BF7294448F400F5FFD6 /* Day 10 */,
			);
		};
/* End PBXProject section */

/* Begin PBXSourcesBuildPhase section */
		B9466727293C5FF10014B11F /* Sources */ = {
			isa = PBXSourcesBuildPhase;
			buildActionMask = 2147483647;
			files = (
				B946672E293C5FF10014B11F /* main.swift in Sources */,
			);
			runOnlyForDeploymentPostprocessing = 0;
		};
		B946673A293DB1700014B11F /* Sources */ = {
			isa = PBXSourcesBuildPhase;
			buildActionMask = 2147483647;
			files = (
				B9466741293DB1700014B11F /* main.swift in Sources */,
			);
			runOnlyForDeploymentPostprocessing = 0;
		};
		B96E7BAC293F026300F5FFD6 /* Sources */ = {
			isa = PBXSourcesBuildPhase;
			buildActionMask = 2147483647;
			files = (
				B96E7BB3293F026400F5FFD6 /* main.swift in Sources */,
			);
			runOnlyForDeploymentPostprocessing = 0;
		};
		B96E7BBE2940543500F5FFD6 /* Sources */ = {
			isa = PBXSourcesBuildPhase;
			buildActionMask = 2147483647;
			files = (
				B96E7BC52940543500F5FFD6 /* main.swift in Sources */,
			);
			runOnlyForDeploymentPostprocessing = 0;
		};
		B96E7BD02941A5B700F5FFD6 /* Sources */ = {
			isa = PBXSourcesBuildPhase;
			buildActionMask = 2147483647;
			files = (
				B96E7BD72941A5B700F5FFD6 /* main.swift in Sources */,
			);
			runOnlyForDeploymentPostprocessing = 0;
		};
		B96E7BE22942F74800F5FFD6 /* Sources */ = {
			isa = PBXSourcesBuildPhase;
			buildActionMask = 2147483647;
			files = (
				B96E7BE92942F74900F5FFD6 /* main.swift in Sources */,
			);
			runOnlyForDeploymentPostprocessing = 0;
		};
		B96E7BF4294448F400F5FFD6 /* Sources */ = {
			isa = PBXSourcesBuildPhase;
			buildActionMask = 2147483647;
			files = (
				B96E7BFB294448F400F5FFD6 /* main.swift in Sources */,
			);
			runOnlyForDeploymentPostprocessing = 0;
		};
		B97F83F12938636C009D31FA /* Sources */ = {
			isa = PBXSourcesBuildPhase;
			buildActionMask = 2147483647;
			files = (
				B97F83F82938636C009D31FA /* main.swift in Sources */,
			);
			runOnlyForDeploymentPostprocessing = 0;
		};
		B9BC89DA2939BD2200B97626 /* Sources */ = {
			isa = PBXSourcesBuildPhase;
			buildActionMask = 2147483647;
			files = (
				B9BC89E12939BD2200B97626 /* main.swift in Sources */,
			);
			runOnlyForDeploymentPostprocessing = 0;
		};
		B9BC8A0D293B0E5600B97626 /* Sources */ = {
			isa = PBXSourcesBuildPhase;
			buildActionMask = 2147483647;
			files = (
				B9BC8A14293B0E5600B97626 /* main.swift in Sources */,
			);
			runOnlyForDeploymentPostprocessing = 0;
		};
/* End PBXSourcesBuildPhase section */

/* Begin XCBuildConfiguration section */
		B946672F293C5FF10014B11F /* Debug */ = {
			isa = XCBuildConfiguration;
			buildSettings = {
				CODE_SIGN_STYLE = Automatic;
				DEVELOPMENT_TEAM = FT8GV27U5R;
				ENABLE_HARDENED_RUNTIME = YES;
				PRODUCT_NAME = "$(TARGET_NAME)";
				SWIFT_VERSION = 5.0;
			};
			name = Debug;
		};
		B9466730293C5FF10014B11F /* Release */ = {
			isa = XCBuildConfiguration;
			buildSettings = {
				CODE_SIGN_STYLE = Automatic;
				DEVELOPMENT_TEAM = FT8GV27U5R;
				ENABLE_HARDENED_RUNTIME = YES;
				PRODUCT_NAME = "$(TARGET_NAME)";
				SWIFT_VERSION = 5.0;
			};
			name = Release;
		};
		B9466742293DB1700014B11F /* Debug */ = {
			isa = XCBuildConfiguration;
			buildSettings = {
				CODE_SIGN_STYLE = Automatic;
				DEVELOPMENT_TEAM = FT8GV27U5R;
				ENABLE_HARDENED_RUNTIME = YES;
				PRODUCT_NAME = "$(TARGET_NAME)";
				SWIFT_VERSION = 5.0;
			};
			name = Debug;
		};
		B9466743293DB1700014B11F /* Release */ = {
			isa = XCBuildConfiguration;
			buildSettings = {
				CODE_SIGN_STYLE = Automatic;
				DEVELOPMENT_TEAM = FT8GV27U5R;
				ENABLE_HARDENED_RUNTIME = YES;
				PRODUCT_NAME = "$(TARGET_NAME)";
				SWIFT_VERSION = 5.0;
			};
			name = Release;
		};
		B96E7BB4293F026400F5FFD6 /* Debug */ = {
			isa = XCBuildConfiguration;
			buildSettings = {
				CODE_SIGN_STYLE = Automatic;
				DEVELOPMENT_TEAM = FT8GV27U5R;
				ENABLE_HARDENED_RUNTIME = YES;
				PRODUCT_NAME = "$(TARGET_NAME)";
				SWIFT_VERSION = 5.0;
			};
			name = Debug;
		};
		B96E7BB5293F026400F5FFD6 /* Release */ = {
			isa = XCBuildConfiguration;
			buildSettings = {
				CODE_SIGN_STYLE = Automatic;
				DEVELOPMENT_TEAM = FT8GV27U5R;
				ENABLE_HARDENED_RUNTIME = YES;
				PRODUCT_NAME = "$(TARGET_NAME)";
				SWIFT_VERSION = 5.0;
			};
			name = Release;
		};
		B96E7BC62940543500F5FFD6 /* Debug */ = {
			isa = XCBuildConfiguration;
			buildSettings = {
				CODE_SIGN_STYLE = Automatic;
				DEVELOPMENT_TEAM = FT8GV27U5R;
				ENABLE_HARDENED_RUNTIME = YES;
				PRODUCT_NAME = "$(TARGET_NAME)";
				SWIFT_VERSION = 5.0;
			};
			name = Debug;
		};
		B96E7BC72940543500F5FFD6 /* Release */ = {
			isa = XCBuildConfiguration;
			buildSettings = {
				CODE_SIGN_STYLE = Automatic;
				DEVELOPMENT_TEAM = FT8GV27U5R;
				ENABLE_HARDENED_RUNTIME = YES;
				PRODUCT_NAME = "$(TARGET_NAME)";
				SWIFT_VERSION = 5.0;
			};
			name = Release;
		};
		B96E7BD92941A5B700F5FFD6 /* Debug */ = {
			isa = XCBuildConfiguration;
			buildSettings = {
				CODE_SIGN_STYLE = Automatic;
				DEVELOPMENT_TEAM = FT8GV27U5R;
				ENABLE_HARDENED_RUNTIME = YES;
				PRODUCT_NAME = "$(TARGET_NAME)";
				SWIFT_VERSION = 5.0;
			};
			name = Debug;
		};
		B96E7BDA2941A5B700F5FFD6 /* Release */ = {
			isa = XCBuildConfiguration;
			buildSettings = {
				CODE_SIGN_STYLE = Automatic;
				DEVELOPMENT_TEAM = FT8GV27U5R;
				ENABLE_HARDENED_RUNTIME = YES;
				PRODUCT_NAME = "$(TARGET_NAME)";
				SWIFT_VERSION = 5.0;
			};
			name = Release;
		};
		B96E7BEB2942F74900F5FFD6 /* Debug */ = {
			isa = XCBuildConfiguration;
			buildSettings = {
				CODE_SIGN_STYLE = Automatic;
				DEVELOPMENT_TEAM = FT8GV27U5R;
				ENABLE_HARDENED_RUNTIME = YES;
				PRODUCT_NAME = "$(TARGET_NAME)";
				SWIFT_VERSION = 5.0;
			};
			name = Debug;
		};
		B96E7BEC2942F74900F5FFD6 /* Release */ = {
			isa = XCBuildConfiguration;
			buildSettings = {
				CODE_SIGN_STYLE = Automatic;
				DEVELOPMENT_TEAM = FT8GV27U5R;
				ENABLE_HARDENED_RUNTIME = YES;
				PRODUCT_NAME = "$(TARGET_NAME)";
				SWIFT_VERSION = 5.0;
			};
			name = Release;
		};
		B96E7BFD294448F500F5FFD6 /* Debug */ = {
			isa = XCBuildConfiguration;
			buildSettings = {
				CODE_SIGN_STYLE = Automatic;
				DEVELOPMENT_TEAM = FT8GV27U5R;
				ENABLE_HARDENED_RUNTIME = YES;
				PRODUCT_NAME = "$(TARGET_NAME)";
				SWIFT_VERSION = 5.0;
			};
			name = Debug;
		};
		B96E7BFE294448F500F5FFD6 /* Release */ = {
			isa = XCBuildConfiguration;
			buildSettings = {
				CODE_SIGN_STYLE = Automatic;
				DEVELOPMENT_TEAM = FT8GV27U5R;
				ENABLE_HARDENED_RUNTIME = YES;
				PRODUCT_NAME = "$(TARGET_NAME)";
				SWIFT_VERSION = 5.0;
			};
			name = Release;
		};
		B97F83EC29386304009D31FA /* Debug */ = {
			isa = XCBuildConfiguration;
			buildSettings = {
				ALWAYS_SEARCH_USER_PATHS = NO;
				CLANG_ANALYZER_NONNULL = YES;
				CLANG_ANALYZER_NUMBER_OBJECT_CONVERSION = YES_AGGRESSIVE;
				CLANG_CXX_LANGUAGE_STANDARD = "gnu++20";
				CLANG_ENABLE_MODULES = YES;
				CLANG_ENABLE_OBJC_ARC = YES;
				CLANG_ENABLE_OBJC_WEAK = YES;
				CLANG_WARN_BLOCK_CAPTURE_AUTORELEASING = YES;
				CLANG_WARN_BOOL_CONVERSION = YES;
				CLANG_WARN_COMMA = YES;
				CLANG_WARN_CONSTANT_CONVERSION = YES;
				CLANG_WARN_DEPRECATED_OBJC_IMPLEMENTATIONS = YES;
				CLANG_WARN_DIRECT_OBJC_ISA_USAGE = YES_ERROR;
				CLANG_WARN_DOCUMENTATION_COMMENTS = YES;
				CLANG_WARN_EMPTY_BODY = YES;
				CLANG_WARN_ENUM_CONVERSION = YES;
				CLANG_WARN_INFINITE_RECURSION = YES;
				CLANG_WARN_INT_CONVERSION = YES;
				CLANG_WARN_NON_LITERAL_NULL_CONVERSION = YES;
				CLANG_WARN_OBJC_IMPLICIT_RETAIN_SELF = YES;
				CLANG_WARN_OBJC_LITERAL_CONVERSION = YES;
				CLANG_WARN_OBJC_ROOT_CLASS = YES_ERROR;
				CLANG_WARN_QUOTED_INCLUDE_IN_FRAMEWORK_HEADER = YES;
				CLANG_WARN_RANGE_LOOP_ANALYSIS = YES;
				CLANG_WARN_STRICT_PROTOTYPES = YES;
				CLANG_WARN_SUSPICIOUS_MOVE = YES;
				CLANG_WARN_UNGUARDED_AVAILABILITY = YES_AGGRESSIVE;
				CLANG_WARN_UNREACHABLE_CODE = YES;
				CLANG_WARN__DUPLICATE_METHOD_MATCH = YES;
				COPY_PHASE_STRIP = NO;
				DEAD_CODE_STRIPPING = YES;
				DEBUG_INFORMATION_FORMAT = dwarf;
				ENABLE_STRICT_OBJC_MSGSEND = YES;
				ENABLE_TESTABILITY = YES;
				GCC_C_LANGUAGE_STANDARD = gnu11;
				GCC_DYNAMIC_NO_PIC = NO;
				GCC_NO_COMMON_BLOCKS = YES;
				GCC_OPTIMIZATION_LEVEL = 0;
				GCC_PREPROCESSOR_DEFINITIONS = (
					"DEBUG=1",
					"$(inherited)",
				);
				GCC_WARN_64_TO_32_BIT_CONVERSION = YES;
				GCC_WARN_ABOUT_RETURN_TYPE = YES_ERROR;
				GCC_WARN_UNDECLARED_SELECTOR = YES;
				GCC_WARN_UNINITIALIZED_AUTOS = YES_AGGRESSIVE;
				GCC_WARN_UNUSED_FUNCTION = YES;
				GCC_WARN_UNUSED_VARIABLE = YES;
				MACOSX_DEPLOYMENT_TARGET = 13.0;
				MTL_ENABLE_DEBUG_INFO = INCLUDE_SOURCE;
				MTL_FAST_MATH = YES;
				ONLY_ACTIVE_ARCH = YES;
				SDKROOT = macosx;
				SWIFT_ACTIVE_COMPILATION_CONDITIONS = DEBUG;
				SWIFT_OPTIMIZATION_LEVEL = "-Onone";
			};
			name = Debug;
		};
		B97F83ED29386304009D31FA /* Release */ = {
			isa = XCBuildConfiguration;
			buildSettings = {
				ALWAYS_SEARCH_USER_PATHS = NO;
				CLANG_ANALYZER_NONNULL = YES;
				CLANG_ANALYZER_NUMBER_OBJECT_CONVERSION = YES_AGGRESSIVE;
				CLANG_CXX_LANGUAGE_STANDARD = "gnu++20";
				CLANG_ENABLE_MODULES = YES;
				CLANG_ENABLE_OBJC_ARC = YES;
				CLANG_ENABLE_OBJC_WEAK = YES;
				CLANG_WARN_BLOCK_CAPTURE_AUTORELEASING = YES;
				CLANG_WARN_BOOL_CONVERSION = YES;
				CLANG_WARN_COMMA = YES;
				CLANG_WARN_CONSTANT_CONVERSION = YES;
				CLANG_WARN_DEPRECATED_OBJC_IMPLEMENTATIONS = YES;
				CLANG_WARN_DIRECT_OBJC_ISA_USAGE = YES_ERROR;
				CLANG_WARN_DOCUMENTATION_COMMENTS = YES;
				CLANG_WARN_EMPTY_BODY = YES;
				CLANG_WARN_ENUM_CONVERSION = YES;
				CLANG_WARN_INFINITE_RECURSION = YES;
				CLANG_WARN_INT_CONVERSION = YES;
				CLANG_WARN_NON_LITERAL_NULL_CONVERSION = YES;
				CLANG_WARN_OBJC_IMPLICIT_RETAIN_SELF = YES;
				CLANG_WARN_OBJC_LITERAL_CONVERSION = YES;
				CLANG_WARN_OBJC_ROOT_CLASS = YES_ERROR;
				CLANG_WARN_QUOTED_INCLUDE_IN_FRAMEWORK_HEADER = YES;
				CLANG_WARN_RANGE_LOOP_ANALYSIS = YES;
				CLANG_WARN_STRICT_PROTOTYPES = YES;
				CLANG_WARN_SUSPICIOUS_MOVE = YES;
				CLANG_WARN_UNGUARDED_AVAILABILITY = YES_AGGRESSIVE;
				CLANG_WARN_UNREACHABLE_CODE = YES;
				CLANG_WARN__DUPLICATE_METHOD_MATCH = YES;
				COPY_PHASE_STRIP = NO;
				DEAD_CODE_STRIPPING = YES;
				DEBUG_INFORMATION_FORMAT = "dwarf-with-dsym";
				ENABLE_NS_ASSERTIONS = NO;
				ENABLE_STRICT_OBJC_MSGSEND = YES;
				GCC_C_LANGUAGE_STANDARD = gnu11;
				GCC_NO_COMMON_BLOCKS = YES;
				GCC_WARN_64_TO_32_BIT_CONVERSION = YES;
				GCC_WARN_ABOUT_RETURN_TYPE = YES_ERROR;
				GCC_WARN_UNDECLARED_SELECTOR = YES;
				GCC_WARN_UNINITIALIZED_AUTOS = YES_AGGRESSIVE;
				GCC_WARN_UNUSED_FUNCTION = YES;
				GCC_WARN_UNUSED_VARIABLE = YES;
				MACOSX_DEPLOYMENT_TARGET = 13.0;
				MTL_ENABLE_DEBUG_INFO = NO;
				MTL_FAST_MATH = YES;
				SDKROOT = macosx;
				SWIFT_COMPILATION_MODE = wholemodule;
				SWIFT_OPTIMIZATION_LEVEL = "-O";
			};
			name = Release;
		};
		B97F83FA2938636C009D31FA /* Debug */ = {
			isa = XCBuildConfiguration;
			buildSettings = {
				CODE_SIGN_IDENTITY = "-";
				CODE_SIGN_STYLE = Automatic;
				DEAD_CODE_STRIPPING = YES;
				DEVELOPMENT_TEAM = FT8GV27U5R;
				ENABLE_HARDENED_RUNTIME = YES;
				PRODUCT_NAME = "$(TARGET_NAME)";
				SWIFT_VERSION = 5.0;
			};
			name = Debug;
		};
		B97F83FB2938636C009D31FA /* Release */ = {
			isa = XCBuildConfiguration;
			buildSettings = {
				CODE_SIGN_IDENTITY = "-";
				CODE_SIGN_STYLE = Automatic;
				DEAD_CODE_STRIPPING = YES;
				DEVELOPMENT_TEAM = FT8GV27U5R;
				ENABLE_HARDENED_RUNTIME = YES;
				PRODUCT_NAME = "$(TARGET_NAME)";
				SWIFT_VERSION = 5.0;
			};
			name = Release;
		};
		B9BC89E22939BD2200B97626 /* Debug */ = {
			isa = XCBuildConfiguration;
			buildSettings = {
				CODE_SIGN_IDENTITY = "-";
				CODE_SIGN_STYLE = Automatic;
				DEAD_CODE_STRIPPING = YES;
				DEVELOPMENT_TEAM = FT8GV27U5R;
				ENABLE_HARDENED_RUNTIME = YES;
				PRODUCT_NAME = "$(TARGET_NAME)";
				SWIFT_VERSION = 5.0;
			};
			name = Debug;
		};
		B9BC89E32939BD2200B97626 /* Release */ = {
			isa = XCBuildConfiguration;
			buildSettings = {
				CODE_SIGN_IDENTITY = "-";
				CODE_SIGN_STYLE = Automatic;
				DEAD_CODE_STRIPPING = YES;
				DEVELOPMENT_TEAM = FT8GV27U5R;
				ENABLE_HARDENED_RUNTIME = YES;
				PRODUCT_NAME = "$(TARGET_NAME)";
				SWIFT_VERSION = 5.0;
			};
			name = Release;
		};
		B9BC8A15293B0E5600B97626 /* Debug */ = {
			isa = XCBuildConfiguration;
			buildSettings = {
				CODE_SIGN_STYLE = Automatic;
				DEVELOPMENT_TEAM = FT8GV27U5R;
				ENABLE_HARDENED_RUNTIME = YES;
				PRODUCT_NAME = "$(TARGET_NAME)";
				SWIFT_VERSION = 5.0;
			};
			name = Debug;
		};
		B9BC8A16293B0E5600B97626 /* Release */ = {
			isa = XCBuildConfiguration;
			buildSettings = {
				CODE_SIGN_STYLE = Automatic;
				DEVELOPMENT_TEAM = FT8GV27U5R;
				ENABLE_HARDENED_RUNTIME = YES;
				PRODUCT_NAME = "$(TARGET_NAME)";
				SWIFT_VERSION = 5.0;
			};
			name = Release;
		};
/* End XCBuildConfiguration section */

/* Begin XCConfigurationList section */
		B9466731293C5FF10014B11F /* Build configuration list for PBXNativeTarget "Day 04" */ = {
			isa = XCConfigurationList;
			buildConfigurations = (
				B946672F293C5FF10014B11F /* Debug */,
				B9466730293C5FF10014B11F /* Release */,
			);
			defaultConfigurationIsVisible = 0;
			defaultConfigurationName = Release;
		};
		B9466744293DB1700014B11F /* Build configuration list for PBXNativeTarget "Day 05" */ = {
			isa = XCConfigurationList;
			buildConfigurations = (
				B9466742293DB1700014B11F /* Debug */,
				B9466743293DB1700014B11F /* Release */,
			);
			defaultConfigurationIsVisible = 0;
			defaultConfigurationName = Release;
		};
		B96E7BB6293F026400F5FFD6 /* Build configuration list for PBXNativeTarget "Day 06" */ = {
			isa = XCConfigurationList;
			buildConfigurations = (
				B96E7BB4293F026400F5FFD6 /* Debug */,
				B96E7BB5293F026400F5FFD6 /* Release */,
			);
			defaultConfigurationIsVisible = 0;
			defaultConfigurationName = Release;
		};
		B96E7BC82940543500F5FFD6 /* Build configuration list for PBXNativeTarget "Day 07" */ = {
			isa = XCConfigurationList;
			buildConfigurations = (
				B96E7BC62940543500F5FFD6 /* Debug */,
				B96E7BC72940543500F5FFD6 /* Release */,
			);
			defaultConfigurationIsVisible = 0;
			defaultConfigurationName = Release;
		};
		B96E7BD82941A5B700F5FFD6 /* Build configuration list for PBXNativeTarget "Day 08" */ = {
			isa = XCConfigurationList;
			buildConfigurations = (
				B96E7BD92941A5B700F5FFD6 /* Debug */,
				B96E7BDA2941A5B700F5FFD6 /* Release */,
			);
			defaultConfigurationIsVisible = 0;
			defaultConfigurationName = Release;
		};
		B96E7BEA2942F74900F5FFD6 /* Build configuration list for PBXNativeTarget "Day 09" */ = {
			isa = XCConfigurationList;
			buildConfigurations = (
				B96E7BEB2942F74900F5FFD6 /* Debug */,
				B96E7BEC2942F74900F5FFD6 /* Release */,
			);
			defaultConfigurationIsVisible = 0;
			defaultConfigurationName = Release;
		};
		B96E7BFC294448F500F5FFD6 /* Build configuration list for PBXNativeTarget "Day 10" */ = {
			isa = XCConfigurationList;
			buildConfigurations = (
				B96E7BFD294448F500F5FFD6 /* Debug */,
				B96E7BFE294448F500F5FFD6 /* Release */,
			);
			defaultConfigurationIsVisible = 0;
			defaultConfigurationName = Release;
		};
		B97F83E229386304009D31FA /* Build configuration list for PBXProject "Advent of Code 2022" */ = {
			isa = XCConfigurationList;
			buildConfigurations = (
				B97F83EC29386304009D31FA /* Debug */,
				B97F83ED29386304009D31FA /* Release */,
			);
			defaultConfigurationIsVisible = 0;
			defaultConfigurationName = Release;
		};
		B97F83F92938636C009D31FA /* Build configuration list for PBXNativeTarget "Day 01" */ = {
			isa = XCConfigurationList;
			buildConfigurations = (
				B97F83FA2938636C009D31FA /* Debug */,
				B97F83FB2938636C009D31FA /* Release */,
			);
			defaultConfigurationIsVisible = 0;
			defaultConfigurationName = Release;
		};
		B9BC89E42939BD2200B97626 /* Build configuration list for PBXNativeTarget "Day 02" */ = {
			isa = XCConfigurationList;
			buildConfigurations = (
				B9BC89E22939BD2200B97626 /* Debug */,
				B9BC89E32939BD2200B97626 /* Release */,
			);
			defaultConfigurationIsVisible = 0;
			defaultConfigurationName = Release;
		};
		B9BC8A17293B0E5600B97626 /* Build configuration list for PBXNativeTarget "Day 03" */ = {
			isa = XCConfigurationList;
			buildConfigurations = (
				B9BC8A15293B0E5600B97626 /* Debug */,
				B9BC8A16293B0E5600B97626 /* Release */,
			);
			defaultConfigurationIsVisible = 0;
			defaultConfigurationName = Release;
		};
/* End XCConfigurationList section */

/* Begin XCRemoteSwiftPackageReference section */
		B949319D2938644F00D44A48 /* XCRemoteSwiftPackageReference "AoC-Helpers" */ = {
			isa = XCRemoteSwiftPackageReference;
			repositoryURL = "https://github.com/juliand665/AoC-Helpers.git";
			requirement = {
				branch = main;
				kind = branch;
			};
		};
		B9BC89EB2939C4A900B97626 /* XCRemoteSwiftPackageReference "swift-algorithms" */ = {
			isa = XCRemoteSwiftPackageReference;
			repositoryURL = "https://github.com/apple/swift-algorithms.git";
			requirement = {
				branch = main;
				kind = branch;
			};
		};
		B9BC89EC2939C4D600B97626 /* XCRemoteSwiftPackageReference "swift-collections" */ = {
			isa = XCRemoteSwiftPackageReference;
			repositoryURL = "https://github.com/apple/swift-collections.git";
			requirement = {
				branch = main;
				kind = branch;
			};
		};
/* End XCRemoteSwiftPackageReference section */

/* Begin XCSwiftPackageProductDependency section */
		B9466732293C600E0014B11F /* AoC-Helpers */ = {
			isa = XCSwiftPackageProductDependency;
			package = B949319D2938644F00D44A48 /* XCRemoteSwiftPackageReference "AoC-Helpers" */;
			productName = "AoC-Helpers";
		};
		B9466734293C600E0014B11F /* Algorithms */ = {
			isa = XCSwiftPackageProductDependency;
			package = B9BC89EB2939C4A900B97626 /* XCRemoteSwiftPackageReference "swift-algorithms" */;
			productName = Algorithms;
		};
		B9466746293DB1BC0014B11F /* AoC-Helpers */ = {
			isa = XCSwiftPackageProductDependency;
			package = B949319D2938644F00D44A48 /* XCRemoteSwiftPackageReference "AoC-Helpers" */;
			productName = "AoC-Helpers";
		};
		B9466748293DB1BC0014B11F /* Algorithms */ = {
			isa = XCSwiftPackageProductDependency;
			package = B9BC89EB2939C4A900B97626 /* XCRemoteSwiftPackageReference "swift-algorithms" */;
			productName = Algorithms;
		};
		B949319E2938644F00D44A48 /* AoC-Helpers */ = {
			isa = XCSwiftPackageProductDependency;
			package = B949319D2938644F00D44A48 /* XCRemoteSwiftPackageReference "AoC-Helpers" */;
			productName = "AoC-Helpers";
		};
		B96E7BBA293F044800F5FFD6 /* AoC-Helpers */ = {
			isa = XCSwiftPackageProductDependency;
			package = B949319D2938644F00D44A48 /* XCRemoteSwiftPackageReference "AoC-Helpers" */;
			productName = "AoC-Helpers";
		};
		B96E7BBC293F044800F5FFD6 /* Algorithms */ = {
			isa = XCSwiftPackageProductDependency;
			package = B9BC89EB2939C4A900B97626 /* XCRemoteSwiftPackageReference "swift-algorithms" */;
			productName = Algorithms;
		};
		B96E7BC92940547800F5FFD6 /* AoC-Helpers */ = {
			isa = XCSwiftPackageProductDependency;
			package = B949319D2938644F00D44A48 /* XCRemoteSwiftPackageReference "AoC-Helpers" */;
			productName = "AoC-Helpers";
		};
		B96E7BCB2940547800F5FFD6 /* Algorithms */ = {
			isa = XCSwiftPackageProductDependency;
			package = B9BC89EB2939C4A900B97626 /* XCRemoteSwiftPackageReference "swift-algorithms" */;
			productName = Algorithms;
		};
		B96E7BDC2941A5F000F5FFD6 /* AoC-Helpers */ = {
			isa = XCSwiftPackageProductDependency;
			package = B949319D2938644F00D44A48 /* XCRemoteSwiftPackageReference "AoC-Helpers" */;
			productName = "AoC-Helpers";
		};
		B96E7BDE2941A5F000F5FFD6 /* Algorithms */ = {
			isa = XCSwiftPackageProductDependency;
			package = B9BC89EB2939C4A900B97626 /* XCRemoteSwiftPackageReference "swift-algorithms" */;
			productName = Algorithms;
		};
		B96E7BED2942F75E00F5FFD6 /* AoC-Helpers */ = {
			isa = XCSwiftPackageProductDependency;
			package = B949319D2938644F00D44A48 /* XCRemoteSwiftPackageReference "AoC-Helpers" */;
			productName = "AoC-Helpers";
		};
		B96E7BEF2942F75E00F5FFD6 /* Algorithms */ = {
			isa = XCSwiftPackageProductDependency;
			package = B9BC89EB2939C4A900B97626 /* XCRemoteSwiftPackageReference "swift-algorithms" */;
			productName = Algorithms;
		};
		B96E7BFF2944490100F5FFD6 /* AoC-Helpers */ = {
			isa = XCSwiftPackageProductDependency;
			package = B949319D2938644F00D44A48 /* XCRemoteSwiftPackageReference "AoC-Helpers" */;
			productName = "AoC-Helpers";
		};
		B96E7C012944490100F5FFD6 /* Algorithms */ = {
			isa = XCSwiftPackageProductDependency;
			package = B9BC89EB2939C4A900B97626 /* XCRemoteSwiftPackageReference "swift-algorithms" */;
			productName = Algorithms;
		};
		B9BC89E92939BDBD00B97626 /* AoC-Helpers */ = {
			isa = XCSwiftPackageProductDependency;
			productName = "AoC-Helpers";
		};
		B9BC8A19293B0E8400B97626 /* AoC-Helpers */ = {
			isa = XCSwiftPackageProductDependency;
			package = B949319D2938644F00D44A48 /* XCRemoteSwiftPackageReference "AoC-Helpers" */;
			productName = "AoC-Helpers";
		};
		B9BC8A1D293B10D800B97626 /* Algorithms */ = {
			isa = XCSwiftPackageProductDependency;
			package = B9BC89EB2939C4A900B97626 /* XCRemoteSwiftPackageReference "swift-algorithms" */;
			productName = Algorithms;
		};
/* End XCSwiftPackageProductDependency section */
	};
	rootObject = B97F83DF29386304009D31FA /* Project object */;
}
